
Microsoft Visual Studio Solution File, Format Version 12.00
# Visual Studio Version 16
VisualStudioVersion = 16.0.30011.22
MinimumVisualStudioVersion = 10.0.40219.1
Project("{FAE04EC0-301F-11D3-BF4B-00C04F79EFBC}") = "ExercicioInterface", "ExercicioInterface\ExercicioInterface.csproj", "{08909138-D95B-4576-A6A5-7917BE5A8719}"
EndProject
Global
	GlobalSection(SolutionConfigurationPlatforms) = preSolution
		Debug|Any CPU = Debug|Any CPU
		Release|Any CPU = Release|Any CPU
	EndGlobalSection
	GlobalSection(ProjectConfigurationPlatforms) = postSolution
		{08909138-D95B-4576-A6A5-7917BE5A8719}.Debug|Any CPU.ActiveCfg = Debug|Any CPU
		{08909138-D95B-4576-A6A5-7917BE5A8719}.Debug|Any CPU.Build.0 = Debug|Any CPU
		{08909138-D95B-4576-A6A5-7917BE5A8719}.Release|Any CPU.ActiveCfg = Release|Any CPU
		{08909138-D95B-4576-A6A5-7917BE5A8719}.Release|Any CPU.Build.0 = Release|Any CPU
	EndGlobalSection
	GlobalSection(SolutionProperties) = preSolution
		HideSolutionNode = FALSE
	EndGlobalSection
	GlobalSection(ExtensibilityGlobals) = postSolution
		SolutionGuid = {AA4D0941-0D04-4C9F-91E8-434409800EC9}
	EndGlobalSection
EndGlobal
